<?xml version="1.0" encoding="UTF-8" standalone="yes" ?>
<CodeBlocks_project_file>
	<FileVersion major="1" minor="6" />
	<Project>
		<Option title="PagalbaAisciui" />
		<Option pch_mode="2" />
		<Option compiler="gcc" />
		<Option virtualFolders="data/" />
		<Build>
			<Target title="Debug">
				<Option output="bin/Debug/PagalbaAisciui" prefix_auto="1" extension_auto="1" />
				<Option object_output="obj/Debug/" />
				<Option type="1" />
				<Option compiler="gcc" />
				<Compiler>
					<Add option="-g" />
				</Compiler>
			</Target>
			<Target title="Release">
				<Option output="bin/Release/PagalbaAisciui" prefix_auto="1" extension_auto="1" />
				<Option object_output="obj/Release/" />
				<Option type="1" />
				<Option compiler="gcc" />
				<Compiler>
					<Add option="-O2" />
				</Compiler>
				<Linker>
					<Add option="-s" />
				</Linker>
			</Target>
		</Build>
		<Compiler>
			<Add option="-Wall" />
			<Add option="-fexceptions" />
		</Compiler>
		<Unit filename="_0_pamoka.hpp" />
		<Unit filename="_1_pamoka.hpp">
			<Option compilerVar="CC" />
		</Unit>
		<Unit filename="_2_pamoka.hpp" />
		<Unit filename="_3_pamoka.hpp" />
		<Unit filename="_4_pamoka.hpp" />
		<Unit filename="data.txt">
			<Option compilerVar="CC" />
			<Option virtualFolder="data/" />
		</Unit>
		<Unit filename="main.cpp" />
		<Extensions>
			<lib_finder disable_auto="1" />
		</Extensions>
	</Project>
</CodeBlocks_project_file>
